
Microsoft Visual Studio Solution File, Format Version 12.00
# Visual Studio Version 17
VisualStudioVersion = 17.12.35707.178 d17.12
MinimumVisualStudioVersion = 10.0.40219.1
Project("{2150E333-8FDC-42A3-9474-1A3956D46DE8}") = "src", "src", "{7639E0E3-16CC-4CFB-B308-54ABDE88BC79}"
EndProject
Project("{2150E333-8FDC-42A3-9474-1A3956D46DE8}") = "docs", "docs", "{EEF97EEC-9456-40AC-B1F8-6192DCEB7F40}"
EndProject
Project("{2150E333-8FDC-42A3-9474-1A3956D46DE8}") = "scripts", "scripts", "{66D41DB1-EC85-4C8D-B39E-0E980CA14E01}"
EndProject
Project("{2150E333-8FDC-42A3-9474-1A3956D46DE8}") = "tests", "tests", "{C6B2E4A9-32CB-4772-BF1D-9CA45BC60DE6}"
EndProject
Project("{2150E333-8FDC-42A3-9474-1A3956D46DE8}") = "AuthService", "AuthService", "{A858F6CC-A4F2-4F51-B474-DDE3E069135B}"
EndProject
Project("{FAE04EC0-301F-11D3-BF4B-00C04F79EFBC}") = "AuthService.API", "AuthService.API\AuthService.API.csproj", "{0FBF24D3-6415-45BC-94C4-A59F8F07CF63}"
EndProject
Project("{FAE04EC0-301F-11D3-BF4B-00C04F79EFBC}") = "AuthService.Core", "AuthService.Core\AuthService.Core.csproj", "{B1052F37-3C7A-4546-87CF-255D6E462642}"
EndProject
Project("{FAE04EC0-301F-11D3-BF4B-00C04F79EFBC}") = "AuthService.Infrastructure", "AuthService.Infrastructure\AuthService.Infrastructure.csproj", "{D5C313A5-2B7B-4D77-A6D6-F1E528BBFDF8}"
EndProject
Project("{2150E333-8FDC-42A3-9474-1A3956D46DE8}") = "UserService", "UserService", "{942A8003-1D89-4B9C-8563-C909FAF851A6}"
EndProject
Project("{FAE04EC0-301F-11D3-BF4B-00C04F79EFBC}") = "UserService.API", "UserService.API\UserService.API.csproj", "{1E447C1C-E315-44AB-9486-7BA204C7514A}"
EndProject
Project("{FAE04EC0-301F-11D3-BF4B-00C04F79EFBC}") = "UserService.Core", "UserService.Core\UserService.Core.csproj", "{02EC7B60-3769-4CA5-886C-C3CD96DFC173}"
EndProject
Project("{FAE04EC0-301F-11D3-BF4B-00C04F79EFBC}") = "UserService.Infrastructure", "UserService.Infrastructure\UserService.Infrastructure.csproj", "{257456AD-D6DF-4D27-A4FA-B75F92513097}"
EndProject
Project("{2150E333-8FDC-42A3-9474-1A3956D46DE8}") = "NLPService", "NLPService", "{22C0941C-B175-43B3-872F-55EDEDD83EDE}"
EndProject
Project("{2150E333-8FDC-42A3-9474-1A3956D46DE8}") = "IntegrationService", "IntegrationService", "{B82F9108-D8F3-417A-99B4-171D1946B419}"
EndProject
Project("{2150E333-8FDC-42A3-9474-1A3956D46DE8}") = "DataService", "DataService", "{B9B49B65-9AA2-4A56-B4D8-4F3F7B1D0C01}"
EndProject
Global
	GlobalSection(SolutionConfigurationPlatforms) = preSolution
		Debug|Any CPU = Debug|Any CPU
		Release|Any CPU = Release|Any CPU
	EndGlobalSection
	GlobalSection(ProjectConfigurationPlatforms) = postSolution
		{0FBF24D3-6415-45BC-94C4-A59F8F07CF63}.Debug|Any CPU.ActiveCfg = Debug|Any CPU
		{0FBF24D3-6415-45BC-94C4-A59F8F07CF63}.Debug|Any CPU.Build.0 = Debug|Any CPU
		{0FBF24D3-6415-45BC-94C4-A59F8F07CF63}.Release|Any CPU.ActiveCfg = Release|Any CPU
		{0FBF24D3-6415-45BC-94C4-A59F8F07CF63}.Release|Any CPU.Build.0 = Release|Any CPU
		{B1052F37-3C7A-4546-87CF-255D6E462642}.Debug|Any CPU.ActiveCfg = Debug|Any CPU
		{B1052F37-3C7A-4546-87CF-255D6E462642}.Debug|Any CPU.Build.0 = Debug|Any CPU
		{B1052F37-3C7A-4546-87CF-255D6E462642}.Release|Any CPU.ActiveCfg = Release|Any CPU
		{B1052F37-3C7A-4546-87CF-255D6E462642}.Release|Any CPU.Build.0 = Release|Any CPU
		{D5C313A5-2B7B-4D77-A6D6-F1E528BBFDF8}.Debug|Any CPU.ActiveCfg = Debug|Any CPU
		{D5C313A5-2B7B-4D77-A6D6-F1E528BBFDF8}.Debug|Any CPU.Build.0 = Debug|Any CPU
		{D5C313A5-2B7B-4D77-A6D6-F1E528BBFDF8}.Release|Any CPU.ActiveCfg = Release|Any CPU
		{D5C313A5-2B7B-4D77-A6D6-F1E528BBFDF8}.Release|Any CPU.Build.0 = Release|Any CPU
		{1E447C1C-E315-44AB-9486-7BA204C7514A}.Debug|Any CPU.ActiveCfg = Debug|Any CPU
		{1E447C1C-E315-44AB-9486-7BA204C7514A}.Debug|Any CPU.Build.0 = Debug|Any CPU
		{1E447C1C-E315-44AB-9486-7BA204C7514A}.Release|Any CPU.ActiveCfg = Release|Any CPU
		{1E447C1C-E315-44AB-9486-7BA204C7514A}.Release|Any CPU.Build.0 = Release|Any CPU
		{02EC7B60-3769-4CA5-886C-C3CD96DFC173}.Debug|Any CPU.ActiveCfg = Debug|Any CPU
		{02EC7B60-3769-4CA5-886C-C3CD96DFC173}.Debug|Any CPU.Build.0 = Debug|Any CPU
		{02EC7B60-3769-4CA5-886C-C3CD96DFC173}.Release|Any CPU.ActiveCfg = Release|Any CPU
		{02EC7B60-3769-4CA5-886C-C3CD96DFC173}.Release|Any CPU.Build.0 = Release|Any CPU
		{257456AD-D6DF-4D27-A4FA-B75F92513097}.Debug|Any CPU.ActiveCfg = Debug|Any CPU
		{257456AD-D6DF-4D27-A4FA-B75F92513097}.Debug|Any CPU.Build.0 = Debug|Any CPU
		{257456AD-D6DF-4D27-A4FA-B75F92513097}.Release|Any CPU.ActiveCfg = Release|Any CPU
		{257456AD-D6DF-4D27-A4FA-B75F92513097}.Release|Any CPU.Build.0 = Release|Any CPU
	EndGlobalSection
	GlobalSection(SolutionProperties) = preSolution
		HideSolutionNode = FALSE
	EndGlobalSection
	GlobalSection(NestedProjects) = preSolution
		{A858F6CC-A4F2-4F51-B474-DDE3E069135B} = {7639E0E3-16CC-4CFB-B308-54ABDE88BC79}
		{0FBF24D3-6415-45BC-94C4-A59F8F07CF63} = {A858F6CC-A4F2-4F51-B474-DDE3E069135B}
		{B1052F37-3C7A-4546-87CF-255D6E462642} = {A858F6CC-A4F2-4F51-B474-DDE3E069135B}
		{D5C313A5-2B7B-4D77-A6D6-F1E528BBFDF8} = {A858F6CC-A4F2-4F51-B474-DDE3E069135B}
		{942A8003-1D89-4B9C-8563-C909FAF851A6} = {7639E0E3-16CC-4CFB-B308-54ABDE88BC79}
		{1E447C1C-E315-44AB-9486-7BA204C7514A} = {942A8003-1D89-4B9C-8563-C909FAF851A6}
		{02EC7B60-3769-4CA5-886C-C3CD96DFC173} = {942A8003-1D89-4B9C-8563-C909FAF851A6}
		{257456AD-D6DF-4D27-A4FA-B75F92513097} = {942A8003-1D89-4B9C-8563-C909FAF851A6}
		{22C0941C-B175-43B3-872F-55EDEDD83EDE} = {7639E0E3-16CC-4CFB-B308-54ABDE88BC79}
		{B82F9108-D8F3-417A-99B4-171D1946B419} = {7639E0E3-16CC-4CFB-B308-54ABDE88BC79}
		{B9B49B65-9AA2-4A56-B4D8-4F3F7B1D0C01} = {7639E0E3-16CC-4CFB-B308-54ABDE88BC79}
	EndGlobalSection
EndGlobal
